
Microsoft Visual Studio Solution File, Format Version 12.00
# Visual Studio Version 17
VisualStudioVersion = 17.9.34728.123
MinimumVisualStudioVersion = 10.0.40219.1
Project("{C9674DCB-5085-4A16-B785-4C70DD1589BD}") = "supermarket_Datawarhouse", "supermarket_Datawarhouse\supermarket_Datawarhouse.dtproj", "{D102A7C7-A0EE-4E66-A1D6-5D0D45D8BBA7}"
EndProject
Global
	GlobalSection(SolutionConfigurationPlatforms) = preSolution
		Development|Default = Development|Default
	EndGlobalSection
	GlobalSection(ProjectConfigurationPlatforms) = postSolution
		{D102A7C7-A0EE-4E66-A1D6-5D0D45D8BBA7}.Development|Default.ActiveCfg = Development
		{D102A7C7-A0EE-4E66-A1D6-5D0D45D8BBA7}.Development|Default.Build.0 = Development
	EndGlobalSection
	GlobalSection(SolutionProperties) = preSolution
		HideSolutionNode = FALSE
	EndGlobalSection
	GlobalSection(ExtensibilityGlobals) = postSolution
		SolutionGuid = {5F33A1BF-9DBE-4E40-AEB5-B5F1EF335462}
	EndGlobalSection
EndGlobal
